<?xml version="1.0" encoding="utf-8"?>
<Project ToolsVersion="4.0" xmlns="http://schemas.microsoft.com/developer/msbuild/2003">
  <ItemGroup>
    <Filter Include="Application">
      <UniqueIdentifier>{a2b16e45-668d-4df9-a4f1-684b0bbeb3ed}</UniqueIdentifier>
    </Filter>
    <Filter Include="Application\States">
      <UniqueIdentifier>{c8a23d10-c697-40fe-a664-d6506265c65b}</UniqueIdentifier>
    </Filter>
    <Filter Include="Application\Physics">
      <UniqueIdentifier>{bef3381a-c1e7-487b-bcc9-5c65f2768ac6}</UniqueIdentifier>
    </Filter>
    <Filter Include="Application\Misc">
      <UniqueIdentifier>{1996df47-19dd-4f27-9f33-9021659cbddf}</UniqueIdentifier>
    </Filter>
    <Filter Include="Application\Graphics">
      <UniqueIdentifier>{8c095148-1ca0-40bd-910c-6ef29889e25d}</UniqueIdentifier>
    </Filter>
    <Filter Include="Application\Graphics\Sprite Hierarchy">
      <UniqueIdentifier>{4a769a98-317b-4168-8f8d-195b896e8a6e}</UniqueIdentifier>
    </Filter>
  </ItemGroup>
  <ItemGroup>
    <ClCompile Include="game_object.cpp">
      <Filter>Application\Graphics\Sprite Hierarchy</Filter>
    </ClCompile>
    <ClCompile Include="living_object.cpp">
      <Filter>Application\Graphics\Sprite Hierarchy</Filter>
    </ClCompile>
    <ClCompile Include="sprite.cpp">
      <Filter>Application\Graphics\Sprite Hierarchy</Filter>
    </ClCompile>
    <ClCompile Include="camera.cpp">
      <Filter>Application\Graphics</Filter>
    </ClCompile>
    <ClCompile Include="menu_state.cpp">
      <Filter>Application\States</Filter>
    </ClCompile>
    <ClCompile Include="intro_state.cpp">
      <Filter>Application\States</Filter>
    </ClCompile>
    <ClCompile Include="contact_listener.cpp">
      <Filter>Application\Physics</Filter>
    </ClCompile>
    <ClCompile Include="main_vita.cpp">
      <Filter>Application</Filter>
    </ClCompile>
    <ClCompile Include="game_application.cpp">
      <Filter>Application</Filter>
    </ClCompile>
    <ClCompile Include="main_d3d11.cpp">
      <Filter>Application</Filter>
    </ClCompile>
    <ClCompile Include="level_1.cpp">
      <Filter>Application\States</Filter>
    </ClCompile>
  </ItemGroup>
  <ItemGroup>
    <ClInclude Include="sprite.h">
      <Filter>Application\Graphics\Sprite Hierarchy</Filter>
    </ClInclude>
    <ClInclude Include="living_object.h">
      <Filter>Application\Graphics\Sprite Hierarchy</Filter>
    </ClInclude>
    <ClInclude Include="game_object.h">
      <Filter>Application\Graphics\Sprite Hierarchy</Filter>
    </ClInclude>
    <ClInclude Include="Contact_listener.h">
      <Filter>Application\Physics</Filter>
    </ClInclude>
    <ClInclude Include="camera.h">
      <Filter>Application\Graphics</Filter>
    </ClInclude>
    <ClInclude Include="appstate.h">
      <Filter>Application\States</Filter>
    </ClInclude>
    <ClInclude Include="intro_state.h">
      <Filter>Application\States</Filter>
    </ClInclude>
    <ClInclude Include="menu_state.h">
      <Filter>Application\States</Filter>
    </ClInclude>
    <ClInclude Include="box2d_helpers.h">
      <Filter>Application\Misc</Filter>
    </ClInclude>
    <ClInclude Include="game_settings.h">
      <Filter>Application\Misc</Filter>
    </ClInclude>
    <ClInclude Include="game_application.h">
      <Filter>Application</Filter>
    </ClInclude>
    <ClInclude Include="level_1.h">
      <Filter>Application\States</Filter>
    </ClInclude>
  </ItemGroup>
</Project>